
Microsoft Visual Studio Solution File, Format Version 12.00
# Visual Studio Version 16
VisualStudioVersion = 16.0.30204.135
MinimumVisualStudioVersion = 10.0.40219.1
Project("{8BC9CEB8-8B4A-11D0-8D11-00A0C91BC942}") = "MK12 Package Manager", "MK12 Package Manager.vcxproj", "{8725D314-4B25-4B52-BB5D-C52D54C58E17}"
EndProject
Global
	GlobalSection(SolutionConfigurationPlatforms) = preSolution
		Debug|x64 = Debug|x64
		Debug|x86 = Debug|x86
		Release|x64 = Release|x64
		Release|x86 = Release|x86
	EndGlobalSection
	GlobalSection(ProjectConfigurationPlatforms) = postSolution
		{8725D314-4B25-4B52-BB5D-C52D54C58E17}.Debug|x64.ActiveCfg = Debug|x64
		{8725D314-4B25-4B52-BB5D-C52D54C58E17}.Debug|x64.Build.0 = Debug|x64
		{8725D314-4B25-4B52-BB5D-C52D54C58E17}.Debug|x86.ActiveCfg = Debug|Win32
		{8725D314-4B25-4B52-BB5D-C52D54C58E17}.Debug|x86.Build.0 = Debug|Win32
		{8725D314-4B25-4B52-BB5D-C52D54C58E17}.Release|x64.ActiveCfg = Release|x64
		{8725D314-4B25-4B52-BB5D-C52D54C58E17}.Release|x64.Build.0 = Release|x64
		{8725D314-4B25-4B52-BB5D-C52D54C58E17}.Release|x86.ActiveCfg = Release|Win32
		{8725D314-4B25-4B52-BB5D-C52D54C58E17}.Release|x86.Build.0 = Release|Win32
	EndGlobalSection
	GlobalSection(SolutionProperties) = preSolution
		HideSolutionNode = FALSE
	EndGlobalSection
	GlobalSection(ExtensibilityGlobals) = postSolution
		SolutionGuid = {D7E50E3A-5026-4658-9679-BEE7539278B5}
	EndGlobalSection
EndGlobal
